<?xml version="1.0" encoding="utf-8"?>
<Project ToolsVersion="4.0" xmlns="http://schemas.microsoft.com/developer/msbuild/2003">
  <ItemGroup>
    <Filter Include="Pliki źródłowe">
      <UniqueIdentifier>{4FC737F1-C7A5-4376-A066-2A32D752A2FF}</UniqueIdentifier>
      <Extensions>cpp;c;cc;cxx;c++;cppm;ixx;def;odl;idl;hpj;bat;asm;asmx</Extensions>
    </Filter>
    <Filter Include="Pliki nagłówkowe">
      <UniqueIdentifier>{93995380-89BD-4b04-88EB-625FBE52EBFB}</UniqueIdentifier>
      <Extensions>h;hh;hpp;hxx;h++;hm;inl;inc;ipp;xsd</Extensions>
    </Filter>
    <Filter Include="Pliki zasobów">
      <UniqueIdentifier>{67DA6AB6-F800-4c08-8B7A-83BB121AAD01}</UniqueIdentifier>
      <Extensions>rc;ico;cur;bmp;dlg;rc2;rct;bin;rgs;gif;jpg;jpeg;jpe;resx;tiff;tif;png;wav;mfcribbon-ms</Extensions>
    </Filter>
    <Filter Include="Pliki nagłówkowe\ch19">
      <UniqueIdentifier>{7f3dced6-718b-4137-ba12-6af4f81ec27d}</UniqueIdentifier>
    </Filter>
    <Filter Include="Pliki nagłówkowe\ch20">
      <UniqueIdentifier>{a209557d-6bc8-4013-865d-8b081a77e5c1}</UniqueIdentifier>
    </Filter>
    <Filter Include="Pliki źródłowe\ch19">
      <UniqueIdentifier>{9c5cbcc8-8f32-4a63-9c3b-eae8ff76e0ab}</UniqueIdentifier>
    </Filter>
    <Filter Include="Pliki źródłowe\ch20">
      <UniqueIdentifier>{441caca2-d6c5-4344-bfae-35795dad675d}</UniqueIdentifier>
    </Filter>
    <Filter Include="Pliki nagłówkowe\ch21">
      <UniqueIdentifier>{498b80a0-7ffa-4dc9-9dc4-e633f56def21}</UniqueIdentifier>
    </Filter>
    <Filter Include="Pliki źródłowe\ch21">
      <UniqueIdentifier>{68b3a484-9055-4b0f-a750-ec1fe0041091}</UniqueIdentifier>
    </Filter>
    <Filter Include="Pliki nagłówkowe\other">
      <UniqueIdentifier>{af9bccd4-ee4e-47e3-adfd-8fd71e499abc}</UniqueIdentifier>
    </Filter>
    <Filter Include="Pliki źródłowe\other">
      <UniqueIdentifier>{97a487f6-b615-44b1-a02c-ebc575c06359}</UniqueIdentifier>
    </Filter>
  </ItemGroup>
  <ItemGroup>
    <ClInclude Include="code\main.h">
      <Filter>Pliki nagłówkowe</Filter>
    </ClInclude>
    <ClInclude Include="code\sketchbook.h">
      <Filter>Pliki nagłówkowe</Filter>
    </ClInclude>
    <ClInclude Include="code\ch19.h">
      <Filter>Pliki nagłówkowe\ch19</Filter>
    </ClInclude>
    <ClInclude Include="code\ch19_exc.h">
      <Filter>Pliki nagłówkowe\ch19</Filter>
    </ClInclude>
    <ClInclude Include="code\ch20.h">
      <Filter>Pliki nagłówkowe\ch20</Filter>
    </ClInclude>
    <ClInclude Include="code\testing.h">
      <Filter>Pliki nagłówkowe</Filter>
    </ClInclude>
    <ClInclude Include="code\ch20_exc.h">
      <Filter>Pliki nagłówkowe\ch20</Filter>
    </ClInclude>
    <ClInclude Include="code\ch21.h">
      <Filter>Pliki nagłówkowe\ch21</Filter>
    </ClInclude>
    <ClInclude Include="code\midi_vs_freq.h">
      <Filter>Pliki nagłówkowe\other</Filter>
    </ClInclude>
    <ClInclude Include="code\sketch_book_01.h">
      <Filter>Pliki nagłówkowe\other</Filter>
    </ClInclude>
  </ItemGroup>
  <ItemGroup>
    <ClCompile Include="code\main.cpp">
      <Filter>Pliki źródłowe</Filter>
    </ClCompile>
    <ClCompile Include="code\sketchbook.cpp">
      <Filter>Pliki źródłowe</Filter>
    </ClCompile>
    <ClCompile Include="code\ch19.cpp">
      <Filter>Pliki źródłowe\ch19</Filter>
    </ClCompile>
    <ClCompile Include="code\ch19_drill.cpp">
      <Filter>Pliki źródłowe\ch19</Filter>
    </ClCompile>
    <ClCompile Include="code\ch19_exc.cpp">
      <Filter>Pliki źródłowe\ch19</Filter>
    </ClCompile>
    <ClCompile Include="code\ch20.cpp">
      <Filter>Pliki źródłowe\ch20</Filter>
    </ClCompile>
    <ClCompile Include="code\testing.cpp">
      <Filter>Pliki źródłowe</Filter>
    </ClCompile>
    <ClCompile Include="code\ch20_drill.cpp">
      <Filter>Pliki źródłowe\ch20</Filter>
    </ClCompile>
    <ClCompile Include="code\ch20_exc.cpp">
      <Filter>Pliki źródłowe\ch20</Filter>
    </ClCompile>
    <ClCompile Include="code\ch21.cpp">
      <Filter>Pliki źródłowe\ch21</Filter>
    </ClCompile>
    <ClCompile Include="code\ch21_drill.cpp">
      <Filter>Pliki źródłowe\ch21</Filter>
    </ClCompile>
    <ClCompile Include="code\ch21_exc.cpp">
      <Filter>Pliki źródłowe\ch21</Filter>
    </ClCompile>
    <ClCompile Include="code\midi_vs_freq.cpp">
      <Filter>Pliki źródłowe\other</Filter>
    </ClCompile>
    <ClCompile Include="code\sketch_book_01.cpp">
      <Filter>Pliki źródłowe\other</Filter>
    </ClCompile>
  </ItemGroup>
  <ItemGroup>
    <Text Include="resources\e12_test.txt">
      <Filter>Pliki zasobów</Filter>
    </Text>
    <Text Include="c21_test_05.txt">
      <Filter>Pliki zasobów</Filter>
    </Text>
  </ItemGroup>
</Project>